{
  "version": 4,
  "terraform_version": "1.13.4",
  "serial": 256,
  "lineage": "90f905c6-7fab-040e-4074-9e992a6267a1",
  "outputs": {
    "cvm1_private_ip": {
      "value": "10.10.1.17",
      "type": "string"
    },
    "cvm2_private_ip": {
      "value": "10.20.1.12",
      "type": "string"
    },
    "vpc1_id": {
      "value": "vpc-64f64sga",
      "type": "string"
    },
    "vpc2_id": {
      "value": "vpc-7rt9y6cm",
      "type": "string"
    }
  },
  "resources": [
    {
      "mode": "managed",
      "type": "tencentcloud_cos_bucket",
      "name": "cos1",
      "provider": "provider[\"registry.terraform.io/tencentcloudstack/tencentcloud\"]",
      "instances": [
        {
          "schema_version": 0,
          "attributes": {
            "acceleration_enable": false,
            "acl": "private",
            "acl_body": "\u003cAccessControlPolicy\u003e\u003cOwner\u003e\u003cID\u003eqcs::cam::uin/100013078656:uin/100013078656\u003c/ID\u003e\u003cDisplayName\u003eqcs::cam::uin/100013078656:uin/100013078656\u003c/DisplayName\u003e\u003c/Owner\u003e\u003cAccessControlList\u003e\u003cGrant\u003e\u003cGrantee type=\"CanonicalUser\"\u003e\u003cID\u003eqcs::cam::uin/100013078656:uin/100013078656\u003c/ID\u003e\u003cDisplayName\u003eqcs::cam::uin/100013078656:uin/100013078656\u003c/DisplayName\u003e\u003c/Grantee\u003e\u003cPermission\u003eFULL_CONTROL\u003c/Permission\u003e\u003c/Grant\u003e\u003c/AccessControlList\u003e\u003c/AccessControlPolicy\u003e",
            "bucket": "ianlim-peering-cos1-1301344332",
            "cdc_id": null,
            "cors_rules": [],
            "cos_bucket_url": "ianlim-peering-cos1-1301344332.cos.ap-seoul.myqcloud.com",
            "enable_intelligent_tiering": null,
            "encryption_algorithm": "",
            "force_clean": false,
            "id": "ianlim-peering-cos1-1301344332",
            "intelligent_tiering_days": null,
            "intelligent_tiering_request_frequent": null,
            "kms_id": "",
            "lifecycle_rules": [],
            "log_enable": false,
            "log_prefix": "",
            "log_target_bucket": "",
            "multi_az": null,
            "origin_domain_rules": [],
            "origin_pull_rules": [],
            "replica_role": null,
            "replica_rules": [],
            "tags": {
              "SA": "ianlim"
            },
            "versioning_enable": false,
            "website": []
          },
          "sensitive_attributes": [],
          "identity_schema_version": 0,
          "private": "bnVsbA=="
        }
      ]
    },
    {
      "mode": "managed",
      "type": "tencentcloud_cos_bucket",
      "name": "cos2",
      "provider": "provider[\"registry.terraform.io/tencentcloudstack/tencentcloud\"]",
      "instances": [
        {
          "schema_version": 0,
          "attributes": {
            "acceleration_enable": false,
            "acl": "private",
            "acl_body": "\u003cAccessControlPolicy\u003e\u003cOwner\u003e\u003cID\u003eqcs::cam::uin/100013078656:uin/100013078656\u003c/ID\u003e\u003cDisplayName\u003eqcs::cam::uin/100013078656:uin/100013078656\u003c/DisplayName\u003e\u003c/Owner\u003e\u003cAccessControlList\u003e\u003cGrant\u003e\u003cGrantee type=\"CanonicalUser\"\u003e\u003cID\u003eqcs::cam::uin/100013078656:uin/100013078656\u003c/ID\u003e\u003cDisplayName\u003eqcs::cam::uin/100013078656:uin/100013078656\u003c/DisplayName\u003e\u003c/Grantee\u003e\u003cPermission\u003eFULL_CONTROL\u003c/Permission\u003e\u003c/Grant\u003e\u003c/AccessControlList\u003e\u003c/AccessControlPolicy\u003e",
            "bucket": "ianlim-peering-cos2-1301344332",
            "cdc_id": null,
            "cors_rules": [],
            "cos_bucket_url": "ianlim-peering-cos2-1301344332.cos.ap-seoul.myqcloud.com",
            "enable_intelligent_tiering": null,
            "encryption_algorithm": "",
            "force_clean": false,
            "id": "ianlim-peering-cos2-1301344332",
            "intelligent_tiering_days": null,
            "intelligent_tiering_request_frequent": null,
            "kms_id": "",
            "lifecycle_rules": [],
            "log_enable": false,
            "log_prefix": "",
            "log_target_bucket": "",
            "multi_az": null,
            "origin_domain_rules": [],
            "origin_pull_rules": [],
            "replica_role": null,
            "replica_rules": [],
            "tags": {
              "SA": "ianlim"
            },
            "versioning_enable": false,
            "website": []
          },
          "sensitive_attributes": [],
          "identity_schema_version": 0,
          "private": "bnVsbA=="
        }
      ]
    },
    {
      "mode": "managed",
      "type": "tencentcloud_instance",
      "name": "cvm1",
      "provider": "provider[\"registry.terraform.io/tencentcloudstack/tencentcloud\"]",
      "instances": [
        {
          "schema_version": 0,
          "attributes": {
            "allocate_public_ip": false,
            "availability_zone": "ap-seoul-1",
            "bandwidth_package_id": null,
            "cam_role_name": "",
            "cdh_host_id": null,
            "cdh_instance_type": null,
            "cpu": 2,
            "create_time": "2025-10-27T06:42:30Z",
            "data_disks": [],
            "dedicated_cluster_id": "",
            "disable_api_termination": false,
            "disable_automation_service": false,
            "disable_monitor_service": false,
            "disable_security_service": false,
            "expired_time": "",
            "force_delete": false,
            "force_replace_placement_group_id": null,
            "hostname": null,
            "hpc_cluster_id": "",
            "id": "ins-eh6krg1f",
            "image_id": "img-22trbn9x",
            "instance_charge_type": "POSTPAID_BY_HOUR",
            "instance_charge_type_prepaid_period": null,
            "instance_charge_type_prepaid_renew_flag": "",
            "instance_count": null,
            "instance_name": "ianlim-peering-cvm1",
            "instance_status": "RUNNING",
            "instance_type": "S5.MEDIUM4",
            "internet_charge_type": "",
            "internet_max_bandwidth_out": 0,
            "keep_image_login": null,
            "key_ids": [],
            "key_name": "",
            "memory": 4,
            "orderly_security_groups": [
              "sg-6xk5ioif"
            ],
            "os_name": "Ubuntu Server 20.04 LTS 64bit",
            "password": null,
            "placement_group_id": "",
            "private_ip": "10.10.1.17",
            "project_id": 0,
            "public_ip": null,
            "running_flag": true,
            "security_groups": [
              "sg-6xk5ioif"
            ],
            "spot_instance_type": null,
            "spot_max_price": null,
            "stopped_mode": null,
            "subnet_id": "subnet-ql0f4bkn",
            "system_disk_id": "disk-amahblof",
            "system_disk_name": "ianlim-peering-cvm1_SYSTEM_DISK",
            "system_disk_resize_online": null,
            "system_disk_size": 50,
            "system_disk_type": "CLOUD_PREMIUM",
            "tags": null,
            "timeouts": null,
            "user_data": "",
            "user_data_raw": "",
            "uuid": "88ccab06-1c95-4f6c-a9e2-1b18d8df5803",
            "vpc_id": "vpc-64f64sga"
          },
          "sensitive_attributes": [
            [
              {
                "type": "get_attr",
                "value": "password"
              }
            ]
          ],
          "identity_schema_version": 0,
          "private": "eyJlMmJmYjczMC1lY2FhLTExZTYtOGY4OC0zNDM2M2JjN2M0YzAiOnsiY3JlYXRlIjo5MDAwMDAwMDAwMDB9fQ==",
          "dependencies": [
            "tencentcloud_security_group.sg1",
            "tencentcloud_subnet.subnet1",
            "tencentcloud_vpc.vpc1"
          ]
        }
      ]
    },
    {
      "mode": "managed",
      "type": "tencentcloud_instance",
      "name": "cvm2",
      "provider": "provider[\"registry.terraform.io/tencentcloudstack/tencentcloud\"]",
      "instances": [
        {
          "schema_version": 0,
          "attributes": {
            "allocate_public_ip": false,
            "availability_zone": "ap-seoul-1",
            "bandwidth_package_id": null,
            "cam_role_name": "",
            "cdh_host_id": null,
            "cdh_instance_type": null,
            "cpu": 2,
            "create_time": "2025-10-27T06:42:21Z",
            "data_disks": [],
            "dedicated_cluster_id": "",
            "disable_api_termination": false,
            "disable_automation_service": false,
            "disable_monitor_service": false,
            "disable_security_service": false,
            "expired_time": "",
            "force_delete": false,
            "force_replace_placement_group_id": null,
            "hostname": null,
            "hpc_cluster_id": "",
            "id": "ins-oowftgtx",
            "image_id": "img-22trbn9x",
            "instance_charge_type": "POSTPAID_BY_HOUR",
            "instance_charge_type_prepaid_period": null,
            "instance_charge_type_prepaid_renew_flag": "",
            "instance_count": null,
            "instance_name": "ianlim-peering-cvm2",
            "instance_status": "RUNNING",
            "instance_type": "S5.MEDIUM4",
            "internet_charge_type": "",
            "internet_max_bandwidth_out": 0,
            "keep_image_login": null,
            "key_ids": [],
            "key_name": "",
            "memory": 4,
            "orderly_security_groups": [
              "sg-8o4n7lsl"
            ],
            "os_name": "Ubuntu Server 20.04 LTS 64bit",
            "password": null,
            "placement_group_id": "",
            "private_ip": "10.20.1.12",
            "project_id": 0,
            "public_ip": null,
            "running_flag": true,
            "security_groups": [
              "sg-8o4n7lsl"
            ],
            "spot_instance_type": null,
            "spot_max_price": null,
            "stopped_mode": null,
            "subnet_id": "subnet-0ek1fbsh",
            "system_disk_id": "disk-9q9b9cnr",
            "system_disk_name": "ianlim-peering-cvm2_SYSTEM_DISK",
            "system_disk_resize_online": null,
            "system_disk_size": 50,
            "system_disk_type": "CLOUD_PREMIUM",
            "tags": null,
            "timeouts": null,
            "user_data": "",
            "user_data_raw": "",
            "uuid": "3ec5be4a-0bda-43ad-85bf-e1146c39d9e7",
            "vpc_id": "vpc-7rt9y6cm"
          },
          "sensitive_attributes": [
            [
              {
                "type": "get_attr",
                "value": "password"
              }
            ]
          ],
          "identity_schema_version": 0,
          "private": "eyJlMmJmYjczMC1lY2FhLTExZTYtOGY4OC0zNDM2M2JjN2M0YzAiOnsiY3JlYXRlIjo5MDAwMDAwMDAwMDB9fQ==",
          "dependencies": [
            "tencentcloud_security_group.sg2",
            "tencentcloud_subnet.subnet2",
            "tencentcloud_vpc.vpc2"
          ]
        }
      ]
    },
    {
      "mode": "managed",
      "type": "tencentcloud_security_group",
      "name": "sg1",
      "provider": "provider[\"registry.terraform.io/tencentcloudstack/tencentcloud\"]",
      "instances": [
        {
          "schema_version": 0,
          "attributes": {
            "description": "",
            "id": "sg-6xk5ioif",
            "name": "ianlim-priv-peering-sg1",
            "project_id": 0,
            "tags": {}
          },
          "sensitive_attributes": [],
          "identity_schema_version": 0,
          "private": "bnVsbA=="
        }
      ]
    },
    {
      "mode": "managed",
      "type": "tencentcloud_security_group",
      "name": "sg2",
      "provider": "provider[\"registry.terraform.io/tencentcloudstack/tencentcloud\"]",
      "instances": [
        {
          "schema_version": 0,
          "attributes": {
            "description": "",
            "id": "sg-8o4n7lsl",
            "name": "ianlim-priv-peering-sg2",
            "project_id": 0,
            "tags": {}
          },
          "sensitive_attributes": [],
          "identity_schema_version": 0,
          "private": "bnVsbA=="
        }
      ]
    },
    {
      "mode": "managed",
      "type": "tencentcloud_security_group_lite_rule",
      "name": "sg1",
      "provider": "provider[\"registry.terraform.io/tencentcloudstack/tencentcloud\"]",
      "instances": [
        {
          "schema_version": 0,
          "attributes": {
            "egress": [
              "ACCEPT#0.0.0.0/0#80#TCP",
              "ACCEPT#0.0.0.0/0#443#TCP",
              "ACCEPT#0.0.0.0/0#22011#TCP",
              "ACCEPT#0.0.0.0/0#22003#TCP",
              "ACCEPT#0.0.0.0/0#ALL#ICMP"
            ],
            "id": "sg-6xk5ioif",
            "ingress": [
              "ACCEPT#0.0.0.0/0#80#TCP",
              "ACCEPT#0.0.0.0/0#443#TCP",
              "ACCEPT#0.0.0.0/0#22011#TCP",
              "ACCEPT#0.0.0.0/0#22003#TCP",
              "ACCEPT#0.0.0.0/0#ALL#ICMP"
            ],
            "security_group_id": "sg-6xk5ioif"
          },
          "sensitive_attributes": [],
          "identity_schema_version": 0,
          "private": "bnVsbA==",
          "dependencies": [
            "tencentcloud_security_group.sg1"
          ]
        }
      ]
    },
    {
      "mode": "managed",
      "type": "tencentcloud_security_group_lite_rule",
      "name": "sg2",
      "provider": "provider[\"registry.terraform.io/tencentcloudstack/tencentcloud\"]",
      "instances": [
        {
          "schema_version": 0,
          "attributes": {
            "egress": [
              "ACCEPT#0.0.0.0/0#80#TCP",
              "ACCEPT#0.0.0.0/0#443#TCP",
              "ACCEPT#0.0.0.0/0#22011#TCP",
              "ACCEPT#0.0.0.0/0#22003#TCP",
              "ACCEPT#0.0.0.0/0#ALL#ICMP"
            ],
            "id": "sg-8o4n7lsl",
            "ingress": [
              "ACCEPT#0.0.0.0/0#80#TCP",
              "ACCEPT#0.0.0.0/0#443#TCP",
              "ACCEPT#0.0.0.0/0#22011#TCP",
              "ACCEPT#0.0.0.0/0#22003#TCP",
              "ACCEPT#0.0.0.0/0#ALL#ICMP"
            ],
            "security_group_id": "sg-8o4n7lsl"
          },
          "sensitive_attributes": [],
          "identity_schema_version": 0,
          "private": "bnVsbA==",
          "dependencies": [
            "tencentcloud_security_group.sg2"
          ]
        }
      ]
    },
    {
      "mode": "managed",
      "type": "tencentcloud_subnet",
      "name": "subnet1",
      "provider": "provider[\"registry.terraform.io/tencentcloudstack/tencentcloud\"]",
      "instances": [
        {
          "schema_version": 0,
          "attributes": {
            "availability_zone": "ap-seoul-1",
            "available_ip_count": 252,
            "cdc_id": "",
            "cidr_block": "10.10.1.0/24",
            "create_time": "2025-10-22 14:48:18",
            "id": "subnet-ql0f4bkn",
            "is_default": false,
            "is_multicast": true,
            "name": "ianlim-peering-subnet1",
            "route_table_id": "rtb-5phm2fop",
            "tags": {
              "SA": "ianlim"
            },
            "vpc_id": "vpc-64f64sga"
          },
          "sensitive_attributes": [],
          "identity_schema_version": 0,
          "private": "bnVsbA==",
          "dependencies": [
            "tencentcloud_vpc.vpc1"
          ]
        }
      ]
    },
    {
      "mode": "managed",
      "type": "tencentcloud_subnet",
      "name": "subnet2",
      "provider": "provider[\"registry.terraform.io/tencentcloudstack/tencentcloud\"]",
      "instances": [
        {
          "schema_version": 0,
          "attributes": {
            "availability_zone": "ap-seoul-1",
            "available_ip_count": 252,
            "cdc_id": "",
            "cidr_block": "10.20.1.0/24",
            "create_time": "2025-10-22 14:48:17",
            "id": "subnet-0ek1fbsh",
            "is_default": false,
            "is_multicast": true,
            "name": "ianlim-peering-subnet2",
            "route_table_id": "rtb-bqtkwudr",
            "tags": {
              "SA": "ianlim"
            },
            "vpc_id": "vpc-7rt9y6cm"
          },
          "sensitive_attributes": [],
          "identity_schema_version": 0,
          "private": "bnVsbA==",
          "dependencies": [
            "tencentcloud_vpc.vpc2"
          ]
        }
      ]
    },
    {
      "mode": "managed",
      "type": "tencentcloud_vpc",
      "name": "vpc1",
      "provider": "provider[\"registry.terraform.io/tencentcloudstack/tencentcloud\"]",
      "instances": [
        {
          "schema_version": 0,
          "attributes": {
            "assistant_cidrs": [],
            "cidr_block": "10.10.0.0/16",
            "create_time": "2025-10-22 14:48:15",
            "default_route_table_id": "rtb-5phm2fop",
            "dns_servers": [
              "183.60.82.98",
              "183.60.83.19"
            ],
            "docker_assistant_cidrs": [],
            "id": "vpc-64f64sga",
            "is_default": false,
            "is_multicast": true,
            "name": "ianlim-peering-vpc1",
            "tags": {
              "SA": "ianlim"
            }
          },
          "sensitive_attributes": [],
          "identity_schema_version": 0,
          "private": "bnVsbA=="
        }
      ]
    },
    {
      "mode": "managed",
      "type": "tencentcloud_vpc",
      "name": "vpc2",
      "provider": "provider[\"registry.terraform.io/tencentcloudstack/tencentcloud\"]",
      "instances": [
        {
          "schema_version": 0,
          "attributes": {
            "assistant_cidrs": [],
            "cidr_block": "10.20.0.0/16",
            "create_time": "2025-10-22 14:48:15",
            "default_route_table_id": "rtb-bqtkwudr",
            "dns_servers": [
              "183.60.82.98",
              "183.60.83.19"
            ],
            "docker_assistant_cidrs": [],
            "id": "vpc-7rt9y6cm",
            "is_default": false,
            "is_multicast": true,
            "name": "ianlim-peering-vpc2",
            "tags": {
              "SA": "ianlim"
            }
          },
          "sensitive_attributes": [],
          "identity_schema_version": 0,
          "private": "bnVsbA=="
        }
      ]
    }
  ],
  "check_results": null
}
