{
  "version": 4,
  "terraform_version": "1.13.4",
  "serial": 184,
  "lineage": "90f905c6-7fab-040e-4074-9e992a6267a1",
  "outputs": {
    "cvm1_private_ip": {
      "value": "172.29.0.20",
      "type": "string"
    },
    "cvm2_private_ip": {
      "value": "172.29.0.5",
      "type": "string"
    },
    "vpc1_id": {
      "value": "vpc-64f64sga",
      "type": "string"
    },
    "vpc2_id": {
      "value": "vpc-7rt9y6cm",
      "type": "string"
    }
  },
  "resources": [
    {
      "mode": "managed",
      "type": "tencentcloud_instance",
      "name": "cvm1",
      "provider": "provider[\"registry.terraform.io/tencentcloudstack/tencentcloud\"]",
      "instances": [
        {
          "schema_version": 0,
          "attributes": {
            "allocate_public_ip": false,
            "availability_zone": "ap-seoul-1",
            "bandwidth_package_id": null,
            "cam_role_name": "",
            "cdh_host_id": null,
            "cdh_instance_type": null,
            "cpu": 2,
            "create_time": "2025-10-22T06:49:18Z",
            "data_disks": [],
            "dedicated_cluster_id": "",
            "disable_api_termination": false,
            "disable_automation_service": false,
            "disable_monitor_service": false,
            "disable_security_service": false,
            "expired_time": "",
            "force_delete": false,
            "force_replace_placement_group_id": null,
            "hostname": null,
            "hpc_cluster_id": "",
            "id": "ins-7cenv0k3",
            "image_id": "img-22trbn9x",
            "instance_charge_type": "POSTPAID_BY_HOUR",
            "instance_charge_type_prepaid_period": null,
            "instance_charge_type_prepaid_renew_flag": "",
            "instance_count": null,
            "instance_name": "ianlim-priv-peering-cvm1",
            "instance_status": "RUNNING",
            "instance_type": "S5.MEDIUM4",
            "internet_charge_type": "",
            "internet_max_bandwidth_out": 0,
            "keep_image_login": null,
            "key_ids": [],
            "key_name": "",
            "memory": 4,
            "orderly_security_groups": [
              "sg-6xk5ioif"
            ],
            "os_name": "Ubuntu Server 20.04 LTS 64bit",
            "password": null,
            "placement_group_id": "",
            "private_ip": "172.29.0.20",
            "project_id": 0,
            "public_ip": null,
            "running_flag": true,
            "security_groups": [
              "sg-6xk5ioif"
            ],
            "spot_instance_type": null,
            "spot_max_price": null,
            "stopped_mode": null,
            "subnet_id": "subnet-87sm426t",
            "system_disk_id": "disk-0ybwfcor",
            "system_disk_name": "ianlim-priv-peering-cvm1_SYSTEM_DISK",
            "system_disk_resize_online": null,
            "system_disk_size": 50,
            "system_disk_type": "CLOUD_PREMIUM",
            "tags": {
              "SA": "ianlim"
            },
            "timeouts": null,
            "user_data": "",
            "user_data_raw": "",
            "uuid": "86c8b8b6-2860-4302-84b4-2e7b554e6e3d",
            "vpc_id": "vpc-nuf38h2g"
          },
          "sensitive_attributes": [
            [
              {
                "type": "get_attr",
                "value": "password"
              }
            ]
          ],
          "identity_schema_version": 0,
          "private": "eyJlMmJmYjczMC1lY2FhLTExZTYtOGY4OC0zNDM2M2JjN2M0YzAiOnsiY3JlYXRlIjo5MDAwMDAwMDAwMDB9fQ==",
          "dependencies": [
            "tencentcloud_security_group.sg1",
            "tencentcloud_subnet.subnet1",
            "tencentcloud_vpc.vpc1"
          ]
        }
      ]
    },
    {
      "mode": "managed",
      "type": "tencentcloud_instance",
      "name": "cvm2",
      "provider": "provider[\"registry.terraform.io/tencentcloudstack/tencentcloud\"]",
      "instances": [
        {
          "schema_version": 0,
          "attributes": {
            "allocate_public_ip": false,
            "availability_zone": "ap-seoul-1",
            "bandwidth_package_id": null,
            "cam_role_name": "",
            "cdh_host_id": null,
            "cdh_instance_type": null,
            "cpu": 2,
            "create_time": "2025-10-22T06:48:46Z",
            "data_disks": [],
            "dedicated_cluster_id": "",
            "disable_api_termination": false,
            "disable_automation_service": false,
            "disable_monitor_service": false,
            "disable_security_service": false,
            "expired_time": "",
            "force_delete": false,
            "force_replace_placement_group_id": null,
            "hostname": null,
            "hpc_cluster_id": "",
            "id": "ins-md1m7ur9",
            "image_id": "img-22trbn9x",
            "instance_charge_type": "POSTPAID_BY_HOUR",
            "instance_charge_type_prepaid_period": null,
            "instance_charge_type_prepaid_renew_flag": "",
            "instance_count": null,
            "instance_name": "ianlim-priv-peering-cvm2",
            "instance_status": "RUNNING",
            "instance_type": "S5.MEDIUM4",
            "internet_charge_type": "",
            "internet_max_bandwidth_out": 0,
            "keep_image_login": null,
            "key_ids": [],
            "key_name": "",
            "memory": 4,
            "orderly_security_groups": [
              "sg-8o4n7lsl"
            ],
            "os_name": "Ubuntu Server 20.04 LTS 64bit",
            "password": null,
            "placement_group_id": "",
            "private_ip": "172.29.0.5",
            "project_id": 0,
            "public_ip": null,
            "running_flag": true,
            "security_groups": [
              "sg-8o4n7lsl"
            ],
            "spot_instance_type": null,
            "spot_max_price": null,
            "stopped_mode": null,
            "subnet_id": "subnet-87sm426t",
            "system_disk_id": "disk-s21bcnip",
            "system_disk_name": "ianlim-priv-peering-cvm2_SYSTEM_DISK",
            "system_disk_resize_online": null,
            "system_disk_size": 50,
            "system_disk_type": "CLOUD_PREMIUM",
            "tags": {
              "SA": "ianlim"
            },
            "timeouts": null,
            "user_data": "",
            "user_data_raw": "",
            "uuid": "7ca4b000-7d56-4bb1-81cf-ff277cfe824a",
            "vpc_id": "vpc-nuf38h2g"
          },
          "sensitive_attributes": [
            [
              {
                "type": "get_attr",
                "value": "password"
              }
            ]
          ],
          "identity_schema_version": 0,
          "private": "eyJlMmJmYjczMC1lY2FhLTExZTYtOGY4OC0zNDM2M2JjN2M0YzAiOnsiY3JlYXRlIjo5MDAwMDAwMDAwMDB9fQ==",
          "dependencies": [
            "tencentcloud_security_group.sg2",
            "tencentcloud_subnet.subnet2",
            "tencentcloud_vpc.vpc2"
          ]
        }
      ]
    },
    {
      "mode": "managed",
      "type": "tencentcloud_security_group",
      "name": "sg1",
      "provider": "provider[\"registry.terraform.io/tencentcloudstack/tencentcloud\"]",
      "instances": [
        {
          "schema_version": 0,
          "attributes": {
            "description": "Allow SSH, HTTPS, ICMP",
            "id": "sg-6xk5ioif",
            "name": "ianlim-priv-peering-sg1",
            "project_id": 0,
            "tags": {
              "SA": "ianlim"
            }
          },
          "sensitive_attributes": [],
          "identity_schema_version": 0,
          "private": "bnVsbA=="
        }
      ]
    },
    {
      "mode": "managed",
      "type": "tencentcloud_security_group",
      "name": "sg2",
      "provider": "provider[\"registry.terraform.io/tencentcloudstack/tencentcloud\"]",
      "instances": [
        {
          "schema_version": 0,
          "attributes": {
            "description": "Allow SSH, HTTPS, ICMP",
            "id": "sg-8o4n7lsl",
            "name": "ianlim-priv-peering-sg2",
            "project_id": 0,
            "tags": {
              "SA": "ianlim"
            }
          },
          "sensitive_attributes": [],
          "identity_schema_version": 0,
          "private": "bnVsbA=="
        }
      ]
    },
    {
      "mode": "managed",
      "type": "tencentcloud_security_group_rule",
      "name": "sg1_https",
      "provider": "provider[\"registry.terraform.io/tencentcloudstack/tencentcloud\"]",
      "instances": [
        {
          "schema_version": 0,
          "attributes": {
            "address_template": [],
            "cidr_ip": "0.0.0.0/0",
            "description": "",
            "id": "eyJzZ19pZCI6InNnLTZ4azVpb2lmIiwicG9saWN5X3R5cGUiOiJpbmdyZXNzIiwiY2lkcl9pcCI6IjAuMC4wLjAvMCIsInByb3RvY29sIjoiVENQIiwicG9ydF9yYW5nZSI6IjQ0MyIsImFjdGlvbiI6ImFjY2VwdCIsInNvdXJjZV9zZ19pZCI6IiIsImRlc2NyaXB0aW9uIjoiIn0=",
            "ip_protocol": "TCP",
            "policy": "accept",
            "policy_index": null,
            "port_range": "443",
            "protocol_template": [],
            "security_group_id": "sg-6xk5ioif",
            "source_sgid": null,
            "type": "ingress"
          },
          "sensitive_attributes": [],
          "identity_schema_version": 0,
          "private": "bnVsbA==",
          "dependencies": [
            "tencentcloud_security_group.sg1"
          ]
        }
      ]
    },
    {
      "mode": "managed",
      "type": "tencentcloud_security_group_rule",
      "name": "sg1_icmp",
      "provider": "provider[\"registry.terraform.io/tencentcloudstack/tencentcloud\"]",
      "instances": [
        {
          "schema_version": 0,
          "attributes": {
            "address_template": [],
            "cidr_ip": "0.0.0.0/0",
            "description": "",
            "id": "eyJzZ19pZCI6InNnLTZ4azVpb2lmIiwicG9saWN5X3R5cGUiOiJpbmdyZXNzIiwiY2lkcl9pcCI6IjAuMC4wLjAvMCIsInByb3RvY29sIjoiSUNNUCIsInBvcnRfcmFuZ2UiOiJBTEwiLCJhY3Rpb24iOiJhY2NlcHQiLCJzb3VyY2Vfc2dfaWQiOiIiLCJkZXNjcmlwdGlvbiI6IiJ9",
            "ip_protocol": "ICMP",
            "policy": "accept",
            "policy_index": null,
            "port_range": "ALL",
            "protocol_template": [],
            "security_group_id": "sg-6xk5ioif",
            "source_sgid": null,
            "type": "ingress"
          },
          "sensitive_attributes": [],
          "identity_schema_version": 0,
          "private": "bnVsbA==",
          "dependencies": [
            "tencentcloud_security_group.sg1"
          ]
        }
      ]
    },
    {
      "mode": "managed",
      "type": "tencentcloud_security_group_rule",
      "name": "sg1_ssh",
      "provider": "provider[\"registry.terraform.io/tencentcloudstack/tencentcloud\"]",
      "instances": [
        {
          "schema_version": 0,
          "attributes": {
            "address_template": [],
            "cidr_ip": "0.0.0.0/0",
            "description": "",
            "id": "eyJzZ19pZCI6InNnLTZ4azVpb2lmIiwicG9saWN5X3R5cGUiOiJpbmdyZXNzIiwiY2lkcl9pcCI6IjAuMC4wLjAvMCIsInByb3RvY29sIjoiVENQIiwicG9ydF9yYW5nZSI6IjIyIiwiYWN0aW9uIjoiYWNjZXB0Iiwic291cmNlX3NnX2lkIjoiIiwiZGVzY3JpcHRpb24iOiIifQ==",
            "ip_protocol": "TCP",
            "policy": "accept",
            "policy_index": null,
            "port_range": "22",
            "protocol_template": [],
            "security_group_id": "sg-6xk5ioif",
            "source_sgid": null,
            "type": "ingress"
          },
          "sensitive_attributes": [],
          "identity_schema_version": 0,
          "private": "bnVsbA==",
          "dependencies": [
            "tencentcloud_security_group.sg1"
          ]
        }
      ]
    },
    {
      "mode": "managed",
      "type": "tencentcloud_security_group_rule",
      "name": "sg2_https",
      "provider": "provider[\"registry.terraform.io/tencentcloudstack/tencentcloud\"]",
      "instances": [
        {
          "schema_version": 0,
          "attributes": {
            "address_template": [],
            "cidr_ip": "0.0.0.0/0",
            "description": "",
            "id": "eyJzZ19pZCI6InNnLThvNG43bHNsIiwicG9saWN5X3R5cGUiOiJpbmdyZXNzIiwiY2lkcl9pcCI6IjAuMC4wLjAvMCIsInByb3RvY29sIjoiVENQIiwicG9ydF9yYW5nZSI6IjQ0MyIsImFjdGlvbiI6ImFjY2VwdCIsInNvdXJjZV9zZ19pZCI6IiIsImRlc2NyaXB0aW9uIjoiIn0=",
            "ip_protocol": "TCP",
            "policy": "accept",
            "policy_index": null,
            "port_range": "443",
            "protocol_template": [],
            "security_group_id": "sg-8o4n7lsl",
            "source_sgid": null,
            "type": "ingress"
          },
          "sensitive_attributes": [],
          "identity_schema_version": 0,
          "private": "bnVsbA==",
          "dependencies": [
            "tencentcloud_security_group.sg2"
          ]
        }
      ]
    },
    {
      "mode": "managed",
      "type": "tencentcloud_security_group_rule",
      "name": "sg2_icmp",
      "provider": "provider[\"registry.terraform.io/tencentcloudstack/tencentcloud\"]",
      "instances": [
        {
          "schema_version": 0,
          "attributes": {
            "address_template": [],
            "cidr_ip": "0.0.0.0/0",
            "description": "",
            "id": "eyJzZ19pZCI6InNnLThvNG43bHNsIiwicG9saWN5X3R5cGUiOiJpbmdyZXNzIiwiY2lkcl9pcCI6IjAuMC4wLjAvMCIsInByb3RvY29sIjoiSUNNUCIsInBvcnRfcmFuZ2UiOiJBTEwiLCJhY3Rpb24iOiJhY2NlcHQiLCJzb3VyY2Vfc2dfaWQiOiIiLCJkZXNjcmlwdGlvbiI6IiJ9",
            "ip_protocol": "ICMP",
            "policy": "accept",
            "policy_index": null,
            "port_range": "ALL",
            "protocol_template": [],
            "security_group_id": "sg-8o4n7lsl",
            "source_sgid": null,
            "type": "ingress"
          },
          "sensitive_attributes": [],
          "identity_schema_version": 0,
          "private": "bnVsbA==",
          "dependencies": [
            "tencentcloud_security_group.sg2"
          ]
        }
      ]
    },
    {
      "mode": "managed",
      "type": "tencentcloud_security_group_rule",
      "name": "sg2_ssh",
      "provider": "provider[\"registry.terraform.io/tencentcloudstack/tencentcloud\"]",
      "instances": [
        {
          "schema_version": 0,
          "attributes": {
            "address_template": [],
            "cidr_ip": "0.0.0.0/0",
            "description": "",
            "id": "eyJzZ19pZCI6InNnLThvNG43bHNsIiwicG9saWN5X3R5cGUiOiJpbmdyZXNzIiwiY2lkcl9pcCI6IjAuMC4wLjAvMCIsInByb3RvY29sIjoiVENQIiwicG9ydF9yYW5nZSI6IjIyIiwiYWN0aW9uIjoiYWNjZXB0Iiwic291cmNlX3NnX2lkIjoiIiwiZGVzY3JpcHRpb24iOiIifQ==",
            "ip_protocol": "TCP",
            "policy": "accept",
            "policy_index": null,
            "port_range": "22",
            "protocol_template": [],
            "security_group_id": "sg-8o4n7lsl",
            "source_sgid": null,
            "type": "ingress"
          },
          "sensitive_attributes": [],
          "identity_schema_version": 0,
          "private": "bnVsbA==",
          "dependencies": [
            "tencentcloud_security_group.sg2"
          ]
        }
      ]
    },
    {
      "mode": "managed",
      "type": "tencentcloud_subnet",
      "name": "subnet1",
      "provider": "provider[\"registry.terraform.io/tencentcloudstack/tencentcloud\"]",
      "instances": [
        {
          "schema_version": 0,
          "attributes": {
            "availability_zone": "ap-seoul-1",
            "available_ip_count": 253,
            "cdc_id": "",
            "cidr_block": "10.10.1.0/24",
            "create_time": "2025-10-22 14:48:18",
            "id": "subnet-ql0f4bkn",
            "is_default": false,
            "is_multicast": true,
            "name": "ianlim-priv-peering-subnet1",
            "route_table_id": "rtb-5phm2fop",
            "tags": {
              "SA": "ianlim"
            },
            "vpc_id": "vpc-64f64sga"
          },
          "sensitive_attributes": [],
          "identity_schema_version": 0,
          "private": "bnVsbA==",
          "dependencies": [
            "tencentcloud_vpc.vpc1"
          ]
        }
      ]
    },
    {
      "mode": "managed",
      "type": "tencentcloud_subnet",
      "name": "subnet2",
      "provider": "provider[\"registry.terraform.io/tencentcloudstack/tencentcloud\"]",
      "instances": [
        {
          "schema_version": 0,
          "attributes": {
            "availability_zone": "ap-seoul-1",
            "available_ip_count": 253,
            "cdc_id": "",
            "cidr_block": "10.20.1.0/24",
            "create_time": "2025-10-22 14:48:17",
            "id": "subnet-0ek1fbsh",
            "is_default": false,
            "is_multicast": true,
            "name": "ianlim-priv-peering-subnet2",
            "route_table_id": "rtb-bqtkwudr",
            "tags": {
              "SA": "ianlim"
            },
            "vpc_id": "vpc-7rt9y6cm"
          },
          "sensitive_attributes": [],
          "identity_schema_version": 0,
          "private": "bnVsbA==",
          "dependencies": [
            "tencentcloud_vpc.vpc2"
          ]
        }
      ]
    },
    {
      "mode": "managed",
      "type": "tencentcloud_vpc",
      "name": "vpc1",
      "provider": "provider[\"registry.terraform.io/tencentcloudstack/tencentcloud\"]",
      "instances": [
        {
          "schema_version": 0,
          "attributes": {
            "assistant_cidrs": [],
            "cidr_block": "10.10.0.0/16",
            "create_time": "2025-10-22 14:48:15",
            "default_route_table_id": "rtb-5phm2fop",
            "dns_servers": [
              "183.60.82.98",
              "183.60.83.19"
            ],
            "docker_assistant_cidrs": [],
            "id": "vpc-64f64sga",
            "is_default": false,
            "is_multicast": true,
            "name": "ianlim-priv-peering-vpc1",
            "tags": {
              "SA": "ianlim"
            }
          },
          "sensitive_attributes": [],
          "identity_schema_version": 0,
          "private": "bnVsbA=="
        }
      ]
    },
    {
      "mode": "managed",
      "type": "tencentcloud_vpc",
      "name": "vpc2",
      "provider": "provider[\"registry.terraform.io/tencentcloudstack/tencentcloud\"]",
      "instances": [
        {
          "schema_version": 0,
          "attributes": {
            "assistant_cidrs": [],
            "cidr_block": "10.20.0.0/16",
            "create_time": "2025-10-22 14:48:15",
            "default_route_table_id": "rtb-bqtkwudr",
            "dns_servers": [
              "183.60.82.98",
              "183.60.83.19"
            ],
            "docker_assistant_cidrs": [],
            "id": "vpc-7rt9y6cm",
            "is_default": false,
            "is_multicast": true,
            "name": "ianlim-priv-peering-vpc2",
            "tags": {
              "SA": "ianlim"
            }
          },
          "sensitive_attributes": [],
          "identity_schema_version": 0,
          "private": "bnVsbA=="
        }
      ]
    },
    {
      "mode": "managed",
      "type": "tencentcloud_vpc_peer_connect_manager",
      "name": "peering_connection",
      "provider": "provider[\"registry.terraform.io/tencentcloudstack/tencentcloud\"]",
      "instances": [
        {
          "schema_version": 0,
          "attributes": {
            "bandwidth": 0,
            "charge_type": "POSTPAID_BY_DAY_MAX",
            "destination_region": "ap-seoul",
            "destination_uin": "100013078656",
            "destination_vpc_id": "vpc-7rt9y6cm",
            "id": "pcx-cn5chfx7",
            "peering_connection_name": "ianlim-priv-peering-peering-connection",
            "qos_level": "",
            "source_vpc_id": "vpc-64f64sga",
            "type": "VPC0"
          },
          "sensitive_attributes": [],
          "identity_schema_version": 0,
          "private": "bnVsbA==",
          "dependencies": [
            "tencentcloud_vpc.vpc1",
            "tencentcloud_vpc.vpc2"
          ]
        }
      ]
    }
  ],
  "check_results": null
}
